// !$*UTF8*$!
{
	archiveVersion = 1;
	classes = {
	};
	objectVersion = 50;
	objects = {

/* Begin PBXBuildFile section */
		6C8054232355C189004E3E85 /* showAlert.swift in Sources */ = {isa = PBXBuildFile; fileRef = 6C8054222355C189004E3E85 /* showAlert.swift */; };
		6C8054252355CED8004E3E85 /* DataViewModeleDelegate.swift in Sources */ = {isa = PBXBuildFile; fileRef = 6C8054242355CED8004E3E85 /* DataViewModeleDelegate.swift */; };
		6CCD8F742357118E0063CBAB /* CategoryRepository.swift in Sources */ = {isa = PBXBuildFile; fileRef = 6CCD8F732357118E0063CBAB /* CategoryRepository.swift */; };
		6CD32CB923593E0900D215C7 /* VMBook.swift in Sources */ = {isa = PBXBuildFile; fileRef = 6CD32CB823593E0900D215C7 /* VMBook.swift */; };
		6CD32CBB23593E9D00D215C7 /* VMCategry.swift in Sources */ = {isa = PBXBuildFile; fileRef = 6CD32CBA23593E9D00D215C7 /* VMCategry.swift */; };
		6CD32CC023593F7A00D215C7 /* Repository.swift in Sources */ = {isa = PBXBuildFile; fileRef = 6CD32CBF23593F7A00D215C7 /* Repository.swift */; };
		6CD32CC22359412400D215C7 /* DateError.swift in Sources */ = {isa = PBXBuildFile; fileRef = 6CD32CC12359412400D215C7 /* DateError.swift */; };
		BA1A1E6A2353F6140038BEE7 /* CategoryFactory.swift in Sources */ = {isa = PBXBuildFile; fileRef = BA1A1E692353F6140038BEE7 /* CategoryFactory.swift */; };
		BA1A1E6C2354268F0038BEE7 /* BookRepositry.swift in Sources */ = {isa = PBXBuildFile; fileRef = BA1A1E6B2354268F0038BEE7 /* BookRepositry.swift */; };
		BA4AB503235150AD004684AA /* AppDelegate.swift in Sources */ = {isa = PBXBuildFile; fileRef = BA4AB502235150AD004684AA /* AppDelegate.swift */; };
		BA4AB505235150AD004684AA /* ViewController.swift in Sources */ = {isa = PBXBuildFile; fileRef = BA4AB504235150AD004684AA /* ViewController.swift */; };
		BA4AB508235150AD004684AA /* Main.storyboard in Resources */ = {isa = PBXBuildFile; fileRef = BA4AB506235150AD004684AA /* Main.storyboard */; };
		BA4AB50D235150AE004684AA /* Assets.xcassets in Resources */ = {isa = PBXBuildFile; fileRef = BA4AB50C235150AE004684AA /* Assets.xcassets */; };
		BA4AB510235150AE004684AA /* LaunchScreen.storyboard in Resources */ = {isa = PBXBuildFile; fileRef = BA4AB50E235150AE004684AA /* LaunchScreen.storyboard */; };
		BA4AB51923515232004684AA /* DoubanBooks.xcdatamodeld in Sources */ = {isa = PBXBuildFile; fileRef = BA4AB51723515232004684AA /* DoubanBooks.xcdatamodeld */; };
		BABDCEA92355A7D000BC9864 /* BookFactory.swift in Sources */ = {isa = PBXBuildFile; fileRef = BABDCEA82355A7D000BC9864 /* BookFactory.swift */; };
/* End PBXBuildFile section */

/* Begin PBXFileReference section */
		6C8054222355C189004E3E85 /* showAlert.swift */ = {isa = PBXFileReference; fileEncoding = 4; lastKnownFileType = sourcecode.swift; name = showAlert.swift; path = ../../../../Downloads/showAlert.swift; sourceTree = "<group>"; };
		6C8054242355CED8004E3E85 /* DataViewModeleDelegate.swift */ = {isa = PBXFileReference; lastKnownFileType = sourcecode.swift; path = DataViewModeleDelegate.swift; sourceTree = "<group>"; };
		6CCD8F732357118E0063CBAB /* CategoryRepository.swift */ = {isa = PBXFileReference; lastKnownFileType = sourcecode.swift; path = CategoryRepository.swift; sourceTree = "<group>"; };
		6CD32CB823593E0900D215C7 /* VMBook.swift */ = {isa = PBXFileReference; lastKnownFileType = sourcecode.swift; path = VMBook.swift; sourceTree = "<group>"; };
		6CD32CBA23593E9D00D215C7 /* VMCategry.swift */ = {isa = PBXFileReference; lastKnownFileType = sourcecode.swift; path = VMCategry.swift; sourceTree = "<group>"; };
		6CD32CBF23593F7A00D215C7 /* Repository.swift */ = {isa = PBXFileReference; lastKnownFileType = sourcecode.swift; path = Repository.swift; sourceTree = "<group>"; };
		6CD32CC12359412400D215C7 /* DateError.swift */ = {isa = PBXFileReference; lastKnownFileType = sourcecode.swift; path = DateError.swift; sourceTree = "<group>"; };
		BA1A1E692353F6140038BEE7 /* CategoryFactory.swift */ = {isa = PBXFileReference; lastKnownFileType = sourcecode.swift; path = CategoryFactory.swift; sourceTree = "<group>"; };
		BA1A1E6B2354268F0038BEE7 /* BookRepositry.swift */ = {isa = PBXFileReference; lastKnownFileType = sourcecode.swift; path = BookRepositry.swift; sourceTree = "<group>"; };
		BA4AB4FF235150AD004684AA /* DoubanBooks.app */ = {isa = PBXFileReference; explicitFileType = wrapper.application; includeInIndex = 0; path = DoubanBooks.app; sourceTree = BUILT_PRODUCTS_DIR; };
		BA4AB502235150AD004684AA /* AppDelegate.swift */ = {isa = PBXFileReference; lastKnownFileType = sourcecode.swift; path = AppDelegate.swift; sourceTree = "<group>"; };
		BA4AB504235150AD004684AA /* ViewController.swift */ = {isa = PBXFileReference; lastKnownFileType = sourcecode.swift; path = ViewController.swift; sourceTree = "<group>"; };
		BA4AB507235150AD004684AA /* Base */ = {isa = PBXFileReference; lastKnownFileType = file.storyboard; name = Base; path = Base.lproj/Main.storyboard; sourceTree = "<group>"; };
		BA4AB50C235150AE004684AA /* Assets.xcassets */ = {isa = PBXFileReference; lastKnownFileType = folder.assetcatalog; path = Assets.xcassets; sourceTree = "<group>"; };
		BA4AB50F235150AE004684AA /* Base */ = {isa = PBXFileReference; lastKnownFileType = file.storyboard; name = Base; path = Base.lproj/LaunchScreen.storyboard; sourceTree = "<group>"; };
		BA4AB511235150AE004684AA /* Info.plist */ = {isa = PBXFileReference; lastKnownFileType = text.plist.xml; path = Info.plist; sourceTree = "<group>"; };
		BA4AB51823515232004684AA /* DoubanBooks.xcdatamodel */ = {isa = PBXFileReference; lastKnownFileType = wrapper.xcdatamodel; path = DoubanBooks.xcdatamodel; sourceTree = "<group>"; };
		BA4AB51A23515523004684AA /* Category+CoreDataClass.swift */ = {isa = PBXFileReference; lastKnownFileType = sourcecode.swift; path = "Category+CoreDataClass.swift"; sourceTree = "<group>"; };
		BA4AB51B23515523004684AA /* Category+CoreDataProperties.swift */ = {isa = PBXFileReference; lastKnownFileType = sourcecode.swift; path = "Category+CoreDataProperties.swift"; sourceTree = "<group>"; };
		BA4AB51C23515523004684AA /* Book+CoreDataClass.swift */ = {isa = PBXFileReference; lastKnownFileType = sourcecode.swift; path = "Book+CoreDataClass.swift"; sourceTree = "<group>"; };
		BA4AB51D23515523004684AA /* Book+CoreDataProperties.swift */ = {isa = PBXFileReference; lastKnownFileType = sourcecode.swift; path = "Book+CoreDataProperties.swift"; sourceTree = "<group>"; };
		BA4AB52223515749004684AA /* DoubanBooks 2.xcdatamodel */ = {isa = PBXFileReference; lastKnownFileType = wrapper.xcdatamodel; path = "DoubanBooks 2.xcdatamodel"; sourceTree = "<group>"; };
		BABDCEA82355A7D000BC9864 /* BookFactory.swift */ = {isa = PBXFileReference; lastKnownFileType = sourcecode.swift; path = BookFactory.swift; sourceTree = "<group>"; };
/* End PBXFileReference section */

/* Begin PBXFrameworksBuildPhase section */
		BA4AB4FC235150AD004684AA /* Frameworks */ = {
			isa = PBXFrameworksBuildPhase;
			buildActionMask = 2147483647;
			files = (
			);
			runOnlyForDeploymentPostprocessing = 0;
		};
/* End PBXFrameworksBuildPhase section */

/* Begin PBXGroup section */
		6CD32CBC23593EEB00D215C7 /* Persists */ = {
			isa = PBXGroup;
			children = (
				6C8054242355CED8004E3E85 /* DataViewModeleDelegate.swift */,
				BA1A1E6B2354268F0038BEE7 /* BookRepositry.swift */,
				6CCD8F732357118E0063CBAB /* CategoryRepository.swift */,
				6CD32CBF23593F7A00D215C7 /* Repository.swift */,
			);
			path = Persists;
			sourceTree = "<group>";
		};
		BA4AB4F6235150AD004684AA = {
			isa = PBXGroup;
			children = (
				BA4AB51A23515523004684AA /* Category+CoreDataClass.swift */,
				BA4AB51B23515523004684AA /* Category+CoreDataProperties.swift */,
				BA4AB51C23515523004684AA /* Book+CoreDataClass.swift */,
				BA4AB51D23515523004684AA /* Book+CoreDataProperties.swift */,
				BA4AB51723515232004684AA /* DoubanBooks.xcdatamodeld */,
				BA4AB501235150AD004684AA /* DoubanBooks */,
				BA4AB500235150AD004684AA /* Products */,
			);
			sourceTree = "<group>";
		};
		BA4AB500235150AD004684AA /* Products */ = {
			isa = PBXGroup;
			children = (
				BA4AB4FF235150AD004684AA /* DoubanBooks.app */,
			);
			name = Products;
			sourceTree = "<group>";
		};
		BA4AB501235150AD004684AA /* DoubanBooks */ = {
			isa = PBXGroup;
			children = (
				6CD32CBC23593EEB00D215C7 /* Persists */,
				BABDCEAC2355ABAC00BC9864 /* Controllers */,
				BA4AB528235186C1004684AA /* Utils */,
				BA4AB5232351586D004684AA /* Models */,
				BA4AB502235150AD004684AA /* AppDelegate.swift */,
				BA4AB504235150AD004684AA /* ViewController.swift */,
				BA4AB506235150AD004684AA /* Main.storyboard */,
				BA4AB50C235150AE004684AA /* Assets.xcassets */,
				BA4AB50E235150AE004684AA /* LaunchScreen.storyboard */,
				BA4AB511235150AE004684AA /* Info.plist */,
			);
			path = DoubanBooks;
			sourceTree = "<group>";
		};
		BA4AB5232351586D004684AA /* Models */ = {
			isa = PBXGroup;
			children = (
				BA1A1E692353F6140038BEE7 /* CategoryFactory.swift */,
				BABDCEA82355A7D000BC9864 /* BookFactory.swift */,
				6CD32CB823593E0900D215C7 /* VMBook.swift */,
				6CD32CBA23593E9D00D215C7 /* VMCategry.swift */,
			);
			path = Models;
			sourceTree = "<group>";
		};
		BA4AB528235186C1004684AA /* Utils */ = {
			isa = PBXGroup;
			children = (
				6C8054222355C189004E3E85 /* showAlert.swift */,
			);
			path = Utils;
			sourceTree = "<group>";
		};
		BABDCEAC2355ABAC00BC9864 /* Controllers */ = {
			isa = PBXGroup;
			children = (
				6CD32CC12359412400D215C7 /* DateError.swift */,
			);
			path = Controllers;
			sourceTree = "<group>";
		};
/* End PBXGroup section */

/* Begin PBXNativeTarget section */
		BA4AB4FE235150AD004684AA /* DoubanBooks */ = {
			isa = PBXNativeTarget;
			buildConfigurationList = BA4AB514235150AE004684AA /* Build configuration list for PBXNativeTarget "DoubanBooks" */;
			buildPhases = (
				BA4AB4FB235150AD004684AA /* Sources */,
				BA4AB4FC235150AD004684AA /* Frameworks */,
				BA4AB4FD235150AD004684AA /* Resources */,
			);
			buildRules = (
			);
			dependencies = (
			);
			name = DoubanBooks;
			productName = DoubanBooks;
			productReference = BA4AB4FF235150AD004684AA /* DoubanBooks.app */;
			productType = "com.apple.product-type.application";
		};
/* End PBXNativeTarget section */

/* Begin PBXProject section */
		BA4AB4F7235150AD004684AA /* Project object */ = {
			isa = PBXProject;
			attributes = {
				LastSwiftUpdateCheck = 1000;
				LastUpgradeCheck = 1000;
				ORGANIZATIONNAME = 2017yd;
				TargetAttributes = {
					BA4AB4FE235150AD004684AA = {
						CreatedOnToolsVersion = 10.0;
					};
				};
			};
			buildConfigurationList = BA4AB4FA235150AD004684AA /* Build configuration list for PBXProject "DoubanBooks" */;
			compatibilityVersion = "Xcode 9.3";
			developmentRegion = en;
			hasScannedForEncodings = 0;
			knownRegions = (
				en,
				Base,
			);
			mainGroup = BA4AB4F6235150AD004684AA;
			productRefGroup = BA4AB500235150AD004684AA /* Products */;
			projectDirPath = "";
			projectRoot = "";
			targets = (
				BA4AB4FE235150AD004684AA /* DoubanBooks */,
			);
		};
/* End PBXProject section */

/* Begin PBXResourcesBuildPhase section */
		BA4AB4FD235150AD004684AA /* Resources */ = {
			isa = PBXResourcesBuildPhase;
			buildActionMask = 2147483647;
			files = (
				BA4AB510235150AE004684AA /* LaunchScreen.storyboard in Resources */,
				BA4AB50D235150AE004684AA /* Assets.xcassets in Resources */,
				BA4AB508235150AD004684AA /* Main.storyboard in Resources */,
			);
			runOnlyForDeploymentPostprocessing = 0;
		};
/* End PBXResourcesBuildPhase section */

/* Begin PBXSourcesBuildPhase section */
		BA4AB4FB235150AD004684AA /* Sources */ = {
			isa = PBXSourcesBuildPhase;
			buildActionMask = 2147483647;
			files = (
				6CD32CBB23593E9D00D215C7 /* VMCategry.swift in Sources */,
				6CD32CC023593F7A00D215C7 /* Repository.swift in Sources */,
				BA4AB505235150AD004684AA /* ViewController.swift in Sources */,
				BA4AB503235150AD004684AA /* AppDelegate.swift in Sources */,
				6CD32CB923593E0900D215C7 /* VMBook.swift in Sources */,
				BABDCEA92355A7D000BC9864 /* BookFactory.swift in Sources */,
				6C8054232355C189004E3E85 /* showAlert.swift in Sources */,
				6C8054252355CED8004E3E85 /* DataViewModeleDelegate.swift in Sources */,
				BA4AB51923515232004684AA /* DoubanBooks.xcdatamodeld in Sources */,
				BA1A1E6A2353F6140038BEE7 /* CategoryFactory.swift in Sources */,
				6CCD8F742357118E0063CBAB /* CategoryRepository.swift in Sources */,
				6CD32CC22359412400D215C7 /* DateError.swift in Sources */,
				BA1A1E6C2354268F0038BEE7 /* BookRepositry.swift in Sources */,
			);
			runOnlyForDeploymentPostprocessing = 0;
		};
/* End PBXSourcesBuildPhase section */

/* Begin PBXVariantGroup section */
		BA4AB506235150AD004684AA /* Main.storyboard */ = {
			isa = PBXVariantGroup;
			children = (
				BA4AB507235150AD004684AA /* Base */,
			);
			name = Main.storyboard;
			sourceTree = "<group>";
		};
		BA4AB50E235150AE004684AA /* LaunchScreen.storyboard */ = {
			isa = PBXVariantGroup;
			children = (
				BA4AB50F235150AE004684AA /* Base */,
			);
			name = LaunchScreen.storyboard;
			sourceTree = "<group>";
		};
/* End PBXVariantGroup section */

/* Begin XCBuildConfiguration section */
		BA4AB512235150AE004684AA /* Debug */ = {
			isa = XCBuildConfiguration;
			buildSettings = {
				ALWAYS_SEARCH_USER_PATHS = NO;
				CLANG_ANALYZER_NONNULL = YES;
				CLANG_ANALYZER_NUMBER_OBJECT_CONVERSION = YES_AGGRESSIVE;
				CLANG_CXX_LANGUAGE_STANDARD = "gnu++14";
				CLANG_CXX_LIBRARY = "libc++";
				CLANG_ENABLE_MODULES = YES;
				CLANG_ENABLE_OBJC_ARC = YES;
				CLANG_ENABLE_OBJC_WEAK = YES;
				CLANG_WARN_BLOCK_CAPTURE_AUTORELEASING = YES;
				CLANG_WARN_BOOL_CONVERSION = YES;
				CLANG_WARN_COMMA = YES;
				CLANG_WARN_CONSTANT_CONVERSION = YES;
				CLANG_WARN_DEPRECATED_OBJC_IMPLEMENTATIONS = YES;
				CLANG_WARN_DIRECT_OBJC_ISA_USAGE = YES_ERROR;
				CLANG_WARN_DOCUMENTATION_COMMENTS = YES;
				CLANG_WARN_EMPTY_BODY = YES;
				CLANG_WARN_ENUM_CONVERSION = YES;
				CLANG_WARN_INFINITE_RECURSION = YES;
				CLANG_WARN_INT_CONVERSION = YES;
				CLANG_WARN_NON_LITERAL_NULL_CONVERSION = YES;
				CLANG_WARN_OBJC_IMPLICIT_RETAIN_SELF = YES;
				CLANG_WARN_OBJC_LITERAL_CONVERSION = YES;
				CLANG_WARN_OBJC_ROOT_CLASS = YES_ERROR;
				CLANG_WARN_RANGE_LOOP_ANALYSIS = YES;
				CLANG_WARN_STRICT_PROTOTYPES = YES;
				CLANG_WARN_SUSPICIOUS_MOVE = YES;
				CLANG_WARN_UNGUARDED_AVAILABILITY = YES_AGGRESSIVE;
				CLANG_WARN_UNREACHABLE_CODE = YES;
				CLANG_WARN__DUPLICATE_METHOD_MATCH = YES;
				CODE_SIGN_IDENTITY = "iPhone Developer";
				COPY_PHASE_STRIP = NO;
				DEBUG_INFORMATION_FORMAT = dwarf;
				ENABLE_STRICT_OBJC_MSGSEND = YES;
				ENABLE_TESTABILITY = YES;
				GCC_C_LANGUAGE_STANDARD = gnu11;
				GCC_DYNAMIC_NO_PIC = NO;
				GCC_NO_COMMON_BLOCKS = YES;
				GCC_OPTIMIZATION_LEVEL = 0;
				GCC_PREPROCESSOR_DEFINITIONS = (
					"DEBUG=1",
					"$(inherited)",
				);
				GCC_WARN_64_TO_32_BIT_CONVERSION = YES;
				GCC_WARN_ABOUT_RETURN_TYPE = YES_ERROR;
				GCC_WARN_UNDECLARED_SELECTOR = YES;
				GCC_WARN_UNINITIALIZED_AUTOS = YES_AGGRESSIVE;
				GCC_WARN_UNUSED_FUNCTION = YES;
				GCC_WARN_UNUSED_VARIABLE = YES;
				IPHONEOS_DEPLOYMENT_TARGET = 12.0;
				MTL_ENABLE_DEBUG_INFO = INCLUDE_SOURCE;
				MTL_FAST_MATH = YES;
				ONLY_ACTIVE_ARCH = YES;
				SDKROOT = iphoneos;
				SWIFT_ACTIVE_COMPILATION_CONDITIONS = DEBUG;
				SWIFT_OPTIMIZATION_LEVEL = "-Onone";
			};
			name = Debug;
		};
		BA4AB513235150AE004684AA /* Release */ = {
			isa = XCBuildConfiguration;
			buildSettings = {
				ALWAYS_SEARCH_USER_PATHS = NO;
				CLANG_ANALYZER_NONNULL = YES;
				CLANG_ANALYZER_NUMBER_OBJECT_CONVERSION = YES_AGGRESSIVE;
				CLANG_CXX_LANGUAGE_STANDARD = "gnu++14";
				CLANG_CXX_LIBRARY = "libc++";
				CLANG_ENABLE_MODULES = YES;
				CLANG_ENABLE_OBJC_ARC = YES;
				CLANG_ENABLE_OBJC_WEAK = YES;
				CLANG_WARN_BLOCK_CAPTURE_AUTORELEASING = YES;
				CLANG_WARN_BOOL_CONVERSION = YES;
				CLANG_WARN_COMMA = YES;
				CLANG_WARN_CONSTANT_CONVERSION = YES;
				CLANG_WARN_DEPRECATED_OBJC_IMPLEMENTATIONS = YES;
				CLANG_WARN_DIRECT_OBJC_ISA_USAGE = YES_ERROR;
				CLANG_WARN_DOCUMENTATION_COMMENTS = YES;
				CLANG_WARN_EMPTY_BODY = YES;
				CLANG_WARN_ENUM_CONVERSION = YES;
				CLANG_WARN_INFINITE_RECURSION = YES;
				CLANG_WARN_INT_CONVERSION = YES;
				CLANG_WARN_NON_LITERAL_NULL_CONVERSION = YES;
				CLANG_WARN_OBJC_IMPLICIT_RETAIN_SELF = YES;
				CLANG_WARN_OBJC_LITERAL_CONVERSION = YES;
				CLANG_WARN_OBJC_ROOT_CLASS = YES_ERROR;
				CLANG_WARN_RANGE_LOOP_ANALYSIS = YES;
				CLANG_WARN_STRICT_PROTOTYPES = YES;
				CLANG_WARN_SUSPICIOUS_MOVE = YES;
				CLANG_WARN_UNGUARDED_AVAILABILITY = YES_AGGRESSIVE;
				CLANG_WARN_UNREACHABLE_CODE = YES;
				CLANG_WARN__DUPLICATE_METHOD_MATCH = YES;
				CODE_SIGN_IDENTITY = "iPhone Developer";
				COPY_PHASE_STRIP = NO;
				DEBUG_INFORMATION_FORMAT = "dwarf-with-dsym";
				ENABLE_NS_ASSERTIONS = NO;
				ENABLE_STRICT_OBJC_MSGSEND = YES;
				GCC_C_LANGUAGE_STANDARD = gnu11;
				GCC_NO_COMMON_BLOCKS = YES;
				GCC_WARN_64_TO_32_BIT_CONVERSION = YES;
				GCC_WARN_ABOUT_RETURN_TYPE = YES_ERROR;
				GCC_WARN_UNDECLARED_SELECTOR = YES;
				GCC_WARN_UNINITIALIZED_AUTOS = YES_AGGRESSIVE;
				GCC_WARN_UNUSED_FUNCTION = YES;
				GCC_WARN_UNUSED_VARIABLE = YES;
				IPHONEOS_DEPLOYMENT_TARGET = 12.0;
				MTL_ENABLE_DEBUG_INFO = NO;
				MTL_FAST_MATH = YES;
				SDKROOT = iphoneos;
				SWIFT_COMPILATION_MODE = wholemodule;
				SWIFT_OPTIMIZATION_LEVEL = "-O";
				VALIDATE_PRODUCT = YES;
			};
			name = Release;
		};
		BA4AB515235150AE004684AA /* Debug */ = {
			isa = XCBuildConfiguration;
			buildSettings = {
				ASSETCATALOG_COMPILER_APPICON_NAME = AppIcon;
				CODE_SIGN_STYLE = Automatic;
				INFOPLIST_FILE = DoubanBooks/Info.plist;
				IPHONEOS_DEPLOYMENT_TARGET = 12.0;
				LD_RUNPATH_SEARCH_PATHS = (
					"$(inherited)",
					"@executable_path/Frameworks",
				);
				PRODUCT_BUNDLE_IDENTIFIER = "-01712.DoubanBooks";
				PRODUCT_NAME = "$(TARGET_NAME)";
				SWIFT_VERSION = 4.2;
				TARGETED_DEVICE_FAMILY = "1,2";
			};
			name = Debug;
		};
		BA4AB516235150AE004684AA /* Release */ = {
			isa = XCBuildConfiguration;
			buildSettings = {
				ASSETCATALOG_COMPILER_APPICON_NAME = AppIcon;
				CODE_SIGN_STYLE = Automatic;
				INFOPLIST_FILE = DoubanBooks/Info.plist;
				IPHONEOS_DEPLOYMENT_TARGET = 12.0;
				LD_RUNPATH_SEARCH_PATHS = (
					"$(inherited)",
					"@executable_path/Frameworks",
				);
				PRODUCT_BUNDLE_IDENTIFIER = "-01712.DoubanBooks";
				PRODUCT_NAME = "$(TARGET_NAME)";
				SWIFT_VERSION = 4.2;
				TARGETED_DEVICE_FAMILY = "1,2";
			};
			name = Release;
		};
/* End XCBuildConfiguration section */

/* Begin XCConfigurationList section */
		BA4AB4FA235150AD004684AA /* Build configuration list for PBXProject "DoubanBooks" */ = {
			isa = XCConfigurationList;
			buildConfigurations = (
				BA4AB512235150AE004684AA /* Debug */,
				BA4AB513235150AE004684AA /* Release */,
			);
			defaultConfigurationIsVisible = 0;
			defaultConfigurationName = Release;
		};
		BA4AB514235150AE004684AA /* Build configuration list for PBXNativeTarget "DoubanBooks" */ = {
			isa = XCConfigurationList;
			buildConfigurations = (
				BA4AB515235150AE004684AA /* Debug */,
				BA4AB516235150AE004684AA /* Release */,
			);
			defaultConfigurationIsVisible = 0;
			defaultConfigurationName = Release;
		};
/* End XCConfigurationList section */

/* Begin XCVersionGroup section */
		BA4AB51723515232004684AA /* DoubanBooks.xcdatamodeld */ = {
			isa = XCVersionGroup;
			children = (
				BA4AB52223515749004684AA /* DoubanBooks 2.xcdatamodel */,
				BA4AB51823515232004684AA /* DoubanBooks.xcdatamodel */,
			);
			currentVersion = BA4AB51823515232004684AA /* DoubanBooks.xcdatamodel */;
			path = DoubanBooks.xcdatamodeld;
			sourceTree = "<group>";
			versionGroupType = wrapper.xcdatamodel;
		};
/* End XCVersionGroup section */
	};
	rootObject = BA4AB4F7235150AD004684AA /* Project object */;
}
